
Microsoft Visual Studio Solution File, Format Version 11.00
# Visual Studio 2010
Project("{FAE04EC0-301F-11D3-BF4B-00C04F79EFBC}") = "HardSorting", "HardSorting.csproj", "{6FE8165C-8E36-44CA-8FC0-58130C2A7EAA}"
EndProject
Global
	GlobalSection(SolutionConfigurationPlatforms) = preSolution
		Debug|x86 = Debug|x86
		Release|x86 = Release|x86
	EndGlobalSection
	GlobalSection(ProjectConfigurationPlatforms) = postSolution
		{6FE8165C-8E36-44CA-8FC0-58130C2A7EAA}.Debug|x86.ActiveCfg = Debug|x86
		{6FE8165C-8E36-44CA-8FC0-58130C2A7EAA}.Debug|x86.Build.0 = Debug|x86
		{6FE8165C-8E36-44CA-8FC0-58130C2A7EAA}.Release|x86.ActiveCfg = Release|x86
		{6FE8165C-8E36-44CA-8FC0-58130C2A7EAA}.Release|x86.Build.0 = Release|x86
	EndGlobalSection
	GlobalSection(SolutionProperties) = preSolution
		HideSolutionNode = FALSE
	EndGlobalSection
EndGlobal
